github.com/caio/go-tdigest/v4 v4.0.1 h1:sx4ZxjmIEcLROUPs2j1BGe2WhOtHD6VSe6NNbBdKYh4=
github.com/caio/go-tdigest/v4 v4.0.1/go.mod h1:Wsa+f0EZnV2gShdj1adgl0tQSoXRxtM0QioTgukFw8U=
github.com/gen2brain/beeep v0.0.0-20230907135156-1a38885a97fc h1:NNgdMgPX3j33uEAoVVxNxillDPnxT0xbGv8uh4CKIAo=
github.com/gen2brain/beeep v0.0.0-20230907135156-1a38885a97fc/go.mod h1:0W7dI87PvXJ1Sjs0QPvWXKcQmNERY77e8l7GFhZB/s4=
github.com/gizak/termui/v3 v3.1.0 h1:ZZmVDgwHl7gR7elfKf1xc4IudXZ5qqfDh4wExk4Iajc=
github.com/gizak/termui/v3 v3.1.0/go.mod h1:bXQEBkJpzxUAKf0+xq9MSWAvWZlE7c+aidmyFlkYTrY=
github.com/go-toast/toast v0.0.0-20190211030409-01e6764cf0a4 h1:qZNfIGkIANxGv/OqtnntR4DfOY2+BgwR60cAcu/i3SE=
github.com/go-toast/toast v0.0.0-20190211030409-01e6764cf0a4/go.mod h1:kW3HQ4UdaAyrUCSSDR4xUzBKW6O2iA4uHhk7AtyYp10=
github.com/godbus/dbus/v5 v5.1.0 h1:4KLkAxT3aOY8Li4FRJe/KvhoNFFxo0m6fNuFUO8QJUk=
github.com/godbus/dbus/v5 v5.1.0/go.mod h1:xhWf0FNVPg57R7Z0UbKHbJfkEywrmjJnf7w5xrFpKfA=
github.com/mattn/go-runewidth v0.0.2/go.mod h1:LwmH8dsx7+W8Uxz3IHJYH5QSwggIsqBzpuz5H//U1FU=
github.com/mattn/go-runewidth v0.0.15 h1:UNAjwbU9l54TA3KzvqLGxwWjHmMgBUVhBiTjelZgg3U=
github.com/mattn/go-runewidth v0.0.15/go.mod h1:Jdepj2loyihRzMpdS35Xk/zdY8IAYHsh153qUoGf23w=
github.com/mitchellh/go-wordwrap v0.0.0-20150314170334-ad45545899c7 h1:DpOJ2HYzCv8LZP15IdmG+YdwD2luVPHITV96TkirNBM=
github.com/mitchellh/go-wordwrap v0.0.0-20150314170334-ad45545899c7/go.mod h1:ZXFpozHsX6DPmq2I0TCekCxypsnAUbP2oI0UX1GXzOo=
github.com/nsf/termbox-go v0.0.0-20190121233118-02980233997d h1:x3S6kxmy49zXVVyhcnrFqxvNVCBPb2KZ9hV2RBdS840=
github.com/nsf/termbox-go v0.0.0-20190121233118-02980233997d/go.mod h1:IuKpRQcYE1Tfu+oAQqaLisqDeXgjyyltCfsaoYN18NQ=
github.com/nu7hatch/gouuid v0.0.0-20131221200532-179d4d0c4d8d h1:VhgPp6v9qf9Agr/56bj7Y/xa04UccTW04VP0Qed4vnQ=
github.com/nu7hatch/gouuid v0.0.0-20131221200532-179d4d0c4d8d/go.mod h1:YUTz3bUH2ZwIWBy3CJBeOBEugqcmXREj14T+iG/4k4U=
github.com/rivo/uniseg v0.2.0 h1:S1pD9weZBuJdFmowNwbpi7BJ8TNftyUImj/0WQi72jY=
github.com/rivo/uniseg v0.2.0/go.mod h1:J6wj4VEh+S6ZtnVlnTBMWIodfgj8LQOQFoIToxlJtxc=
github.com/tadvi/systray v0.0.0-20190226123456-11a2b8fa57af h1:6yITBqGTE2lEeTPG04SN9W+iWHCRyHqlVYILiSXziwk=
github.com/tadvi/systray v0.0.0-20190226123456-11a2b8fa57af/go.mod h1:4F09kP5F+am0jAwlQLddpoMDM+iewkxxt6nxUQ5nq5o=
golang.org/x/sys v0.6.0 h1:MVltZSvRTcU2ljQOhs94SXPftV6DCNnZViHeQps87pQ=
golang.org/x/sys v0.6.0/go.mod h1:oPkhp1MJrh7nUepCBck5+mAzfO9JrbApNNgaTdGDITg=
